
Microsoft Visual Studio Solution File, Format Version 12.00
# Visual Studio Version 17
VisualStudioVersion = 17.4.33213.308
MinimumVisualStudioVersion = 10.0.40219.1
Project("{FAE04EC0-301F-11D3-BF4B-00C04F79EFBC}") = "News.Entities", "News.Entities\News.Entities.csproj", "{25935333-5D93-49B4-A894-F0B3B97E372B}"
EndProject
Project("{FAE04EC0-301F-11D3-BF4B-00C04F79EFBC}") = "News.Model", "News.Model\News.Model.csproj", "{CA13595E-97CB-45CC-9A2C-F7671FC352D6}"
EndProject
Project("{FAE04EC0-301F-11D3-BF4B-00C04F79EFBC}") = "News.Dal", "News.Dal\News.Dal.csproj", "{A50D3859-960A-4A6D-8C78-AB835EAFABD7}"
EndProject
Project("{9A19103F-16F7-4668-BE54-9A1E7A4F7556}") = "News.Server", "News.Server\News.Server.csproj", "{91DCACF7-8240-426A-BCC8-04A80244B0E9}"
EndProject
Project("{FAE04EC0-301F-11D3-BF4B-00C04F79EFBC}") = "News.DataSQL", "News.DataSQL\News.DataSQL.csproj", "{9E385A52-990A-4BBD-AB4F-D96914C7EC11}"
EndProject
Project("{FAE04EC0-301F-11D3-BF4B-00C04F79EFBC}") = "News.Testing", "News.Testing\News.Testing.csproj", "{B1BC68B1-516D-4F22-9DBA-99C8630090BE}"
EndProject
Global
	GlobalSection(SolutionConfigurationPlatforms) = preSolution
		Debug|Any CPU = Debug|Any CPU
		Release|Any CPU = Release|Any CPU
	EndGlobalSection
	GlobalSection(ProjectConfigurationPlatforms) = postSolution
		{25935333-5D93-49B4-A894-F0B3B97E372B}.Debug|Any CPU.ActiveCfg = Debug|Any CPU
		{25935333-5D93-49B4-A894-F0B3B97E372B}.Debug|Any CPU.Build.0 = Debug|Any CPU
		{25935333-5D93-49B4-A894-F0B3B97E372B}.Release|Any CPU.ActiveCfg = Release|Any CPU
		{25935333-5D93-49B4-A894-F0B3B97E372B}.Release|Any CPU.Build.0 = Release|Any CPU
		{CA13595E-97CB-45CC-9A2C-F7671FC352D6}.Debug|Any CPU.ActiveCfg = Debug|Any CPU
		{CA13595E-97CB-45CC-9A2C-F7671FC352D6}.Debug|Any CPU.Build.0 = Debug|Any CPU
		{CA13595E-97CB-45CC-9A2C-F7671FC352D6}.Release|Any CPU.ActiveCfg = Release|Any CPU
		{CA13595E-97CB-45CC-9A2C-F7671FC352D6}.Release|Any CPU.Build.0 = Release|Any CPU
		{A50D3859-960A-4A6D-8C78-AB835EAFABD7}.Debug|Any CPU.ActiveCfg = Debug|Any CPU
		{A50D3859-960A-4A6D-8C78-AB835EAFABD7}.Debug|Any CPU.Build.0 = Debug|Any CPU
		{A50D3859-960A-4A6D-8C78-AB835EAFABD7}.Release|Any CPU.ActiveCfg = Release|Any CPU
		{A50D3859-960A-4A6D-8C78-AB835EAFABD7}.Release|Any CPU.Build.0 = Release|Any CPU
		{91DCACF7-8240-426A-BCC8-04A80244B0E9}.Debug|Any CPU.ActiveCfg = Debug|Any CPU
		{91DCACF7-8240-426A-BCC8-04A80244B0E9}.Debug|Any CPU.Build.0 = Debug|Any CPU
		{91DCACF7-8240-426A-BCC8-04A80244B0E9}.Release|Any CPU.ActiveCfg = Release|Any CPU
		{91DCACF7-8240-426A-BCC8-04A80244B0E9}.Release|Any CPU.Build.0 = Release|Any CPU
		{9E385A52-990A-4BBD-AB4F-D96914C7EC11}.Debug|Any CPU.ActiveCfg = Debug|Any CPU
		{9E385A52-990A-4BBD-AB4F-D96914C7EC11}.Debug|Any CPU.Build.0 = Debug|Any CPU
		{9E385A52-990A-4BBD-AB4F-D96914C7EC11}.Release|Any CPU.ActiveCfg = Release|Any CPU
		{9E385A52-990A-4BBD-AB4F-D96914C7EC11}.Release|Any CPU.Build.0 = Release|Any CPU
		{B1BC68B1-516D-4F22-9DBA-99C8630090BE}.Debug|Any CPU.ActiveCfg = Debug|Any CPU
		{B1BC68B1-516D-4F22-9DBA-99C8630090BE}.Debug|Any CPU.Build.0 = Debug|Any CPU
		{B1BC68B1-516D-4F22-9DBA-99C8630090BE}.Release|Any CPU.ActiveCfg = Release|Any CPU
		{B1BC68B1-516D-4F22-9DBA-99C8630090BE}.Release|Any CPU.Build.0 = Release|Any CPU
	EndGlobalSection
	GlobalSection(SolutionProperties) = preSolution
		HideSolutionNode = FALSE
	EndGlobalSection
	GlobalSection(ExtensibilityGlobals) = postSolution
		SolutionGuid = {BA0402B1-9621-410D-895C-F3B2CB227DF4}
	EndGlobalSection
EndGlobal
